{
  "lockfileVersion": 1,
  "workspaces": {
    "": {
      "name": "chat-crdt",
      "devDependencies": {
        "turbo": "^2.5.0",
        "typescript": "^5.8.0",
      },
    },
  },
  "packages": {
    "@turbo/darwin-64": ["@turbo/darwin-64@2.9.7", "", { "os": "darwin", "cpu": "x64" }, "sha512-wnvOWuVWJ5EUHNKxExEWiGlTeVpLG1L0PCu5MUozyC1P2SHGiWsmpW6/yAuShH91Fa2TAHOvdCRBzriZh4j4Eg=="],

    "@turbo/darwin-arm64": ["@turbo/darwin-arm64@2.9.7", "", { "os": "darwin", "cpu": "arm64" }, "sha512-mA0FIPMwwN3lodDkQYaGxj6PeT7ZaN5aCEbkKn/WB+ZB9yJdVWA4J83GH7t43jqDc5dcnVluVN5UFx3plRiXhA=="],

    "@turbo/linux-64": ["@turbo/linux-64@2.9.7", "", { "os": "linux", "cpu": "x64" }, "sha512-fEbUYpgb5l7P+q+5tsWF2gw+/GSjUsuUTcnfm+f0lozUjgcjLKyOat6PgtAChmIFcTPchCL/8rJ3TvkBy01gfA=="],

    "@turbo/linux-arm64": ["@turbo/linux-arm64@2.9.7", "", { "os": "linux", "cpu": "arm64" }, "sha512-VkUjulo9ytfHKUHOS5gy0XPoh4CTKPXWCL8nLdrlHVi9fSut31ECeUqnm/dAbETP5D4xo9mH9XkJ+qMzGe/zmg=="],

    "@turbo/windows-64": ["@turbo/windows-64@2.9.7", "", { "os": "win32", "cpu": "x64" }, "sha512-/GWdY6/x4aIHqkYJq596Rpdk1x0MkpRPkJcLAoB3yGRwyUms0+u2F1GnV54IbyAZTeKLRWSJKzNC+QwVGdYchA=="],

    "@turbo/windows-arm64": ["@turbo/windows-arm64@2.9.7", "", { "os": "win32", "cpu": "arm64" }, "sha512-xBBgxCC5PK2+WZ1PPRZdp+aJ0bMBcEbweXWux3RUHJvX9ZodcoQySkrW6qt+ahb+uk8ZjyQodLfDwtVSoYds1w=="],

    "turbo": ["turbo@2.9.7", "", { "optionalDependencies": { "@turbo/darwin-64": "2.9.7", "@turbo/darwin-arm64": "2.9.7", "@turbo/linux-64": "2.9.7", "@turbo/linux-arm64": "2.9.7", "@turbo/windows-64": "2.9.7", "@turbo/windows-arm64": "2.9.7" }, "bin": { "turbo": "bin/turbo" } }, "sha512-epxzqVO2s0IxcSWcgb+qKrtco8isfe7g3VtiS6hkYnEK4A9XQDZbrtavQ6MtWR1KoQn+1fUomaQth2rfRHlUlg=="],

    "typescript": ["typescript@5.9.3", "", { "bin": { "tsc": "bin/tsc", "tsserver": "bin/tsserver" } }, "sha512-jl1vZzPDinLr9eUt3J/t7V6FgNEw9QjvBPdysz9KfQDD41fQrC2Y4vKQdiaUpFT4bXlb1RHhLpp8wtm6M5TgSw=="],
  }
}
